<?xml version="1.0" encoding="utf-8"?>
<Project ToolsVersion="4.0" xmlns="http://schemas.microsoft.com/developer/msbuild/2003">
  <ItemGroup>
    <Filter Include="Source Files">
      <UniqueIdentifier>{4FC737F1-C7A5-4376-A066-2A32D752A2FF}</UniqueIdentifier>
      <Extensions>cpp;c;cc;cxx;def;odl;idl;hpj;bat;asm;asmx</Extensions>
    </Filter>
    <Filter Include="Header Files">
      <UniqueIdentifier>{93995380-89BD-4b04-88EB-625FBE52EBFB}</UniqueIdentifier>
      <Extensions>h;hh;hpp;hxx;hm;inl;inc;xsd</Extensions>
    </Filter>
    <Filter Include="Resource Files">
      <UniqueIdentifier>{67DA6AB6-F800-4c08-8B7A-83BB121AAD01}</UniqueIdentifier>
      <Extensions>rc;ico;cur;bmp;dlg;rc2;rct;bin;rgs;gif;jpg;jpeg;jpe;resx;tiff;tif;png;wav;mfcribbon-ms</Extensions>
    </Filter>
    <Filter Include="audio">
      <UniqueIdentifier>{22d319b7-319e-406e-a26a-87643c32f869}</UniqueIdentifier>
    </Filter>
    <Filter Include="dlna">
      <UniqueIdentifier>{5bc5dcbc-32e6-43f3-b83b-64d865850e0d}</UniqueIdentifier>
    </Filter>
  </ItemGroup>
  <ItemGroup>
    <ClCompile Include="main.cpp">
      <Filter>Source Files</Filter>
    </ClCompile>
    <ClCompile Include="Ini.cpp">
      <Filter>Source Files</Filter>
    </ClCompile>
    <ClCompile Include="VideoWnd.cpp">
      <Filter>Source Files</Filter>
    </ClCompile>
    <ClCompile Include="FFPlayer.cpp">
      <Filter>Source Files</Filter>
    </ClCompile>
    <ClCompile Include="QPlayer.cpp">
      <Filter>Source Files</Filter>
    </ClCompile>
    <ClCompile Include="audio\AudioPlay.cpp">
      <Filter>audio</Filter>
    </ClCompile>
    <ClCompile Include="audio\AudioRec.cpp">
      <Filter>audio</Filter>
    </ClCompile>
    <ClCompile Include="audio\VolumeCtrl.cpp">
      <Filter>audio</Filter>
    </ClCompile>
    <ClCompile Include="audio\WaveBase.cpp">
      <Filter>audio</Filter>
    </ClCompile>
    <ClCompile Include="audio\WaveIn.cpp">
      <Filter>audio</Filter>
    </ClCompile>
    <ClCompile Include="audio\WaveOut.cpp">
      <Filter>audio</Filter>
    </ClCompile>
    <ClCompile Include="audio\VolumeInXXX.cpp">
      <Filter>audio</Filter>
    </ClCompile>
    <ClCompile Include="audio\VolumeOutWave.cpp">
      <Filter>audio</Filter>
    </ClCompile>
    <ClCompile Include="dlna\hstring.cpp">
      <Filter>dlna</Filter>
    </ClCompile>
    <ClCompile Include="dlna\httplib.cc">
      <Filter>dlna</Filter>
    </ClCompile>
    <ClCompile Include="dlna\pugixml.cpp">
      <Filter>dlna</Filter>
    </ClCompile>
    <ClCompile Include="dlna\UpnpRender.cpp">
      <Filter>dlna</Filter>
    </ClCompile>
    <ClCompile Include="dlna\UpnpServer.cpp">
      <Filter>dlna</Filter>
    </ClCompile>
    <ClCompile Include="dlna\OnvifDevice.cpp">
      <Filter>dlna</Filter>
    </ClCompile>
  </ItemGroup>
  <ItemGroup>
    <ClInclude Include="Ini.h">
      <Filter>Header Files</Filter>
    </ClInclude>
    <ClInclude Include="VideoWnd.h">
      <Filter>Header Files</Filter>
    </ClInclude>
    <ClInclude Include="FFPlayer.h">
      <Filter>Header Files</Filter>
    </ClInclude>
    <ClInclude Include="QPlayer.h">
      <Filter>Header Files</Filter>
    </ClInclude>
    <ClInclude Include="audio\AudioPlay.h">
      <Filter>audio</Filter>
    </ClInclude>
    <ClInclude Include="audio\AudioRec.h">
      <Filter>audio</Filter>
    </ClInclude>
    <ClInclude Include="audio\VolumeCtrl.h">
      <Filter>audio</Filter>
    </ClInclude>
    <ClInclude Include="audio\WaveBase.h">
      <Filter>audio</Filter>
    </ClInclude>
    <ClInclude Include="audio\WaveIn.h">
      <Filter>audio</Filter>
    </ClInclude>
    <ClInclude Include="audio\WaveOut.h">
      <Filter>audio</Filter>
    </ClInclude>
    <ClInclude Include="audio\VolumeInXXX.h">
      <Filter>audio</Filter>
    </ClInclude>
    <ClInclude Include="audio\VolumeOutWave.h">
      <Filter>audio</Filter>
    </ClInclude>
    <ClInclude Include="resource.h">
      <Filter>Header Files</Filter>
    </ClInclude>
    <ClInclude Include="dlna\hstring.h">
      <Filter>dlna</Filter>
    </ClInclude>
    <ClInclude Include="dlna\httplib.h">
      <Filter>dlna</Filter>
    </ClInclude>
    <ClInclude Include="dlna\pugiconfig.hpp">
      <Filter>dlna</Filter>
    </ClInclude>
    <ClInclude Include="dlna\pugixml.hpp">
      <Filter>dlna</Filter>
    </ClInclude>
    <ClInclude Include="dlna\UpnpRender.h">
      <Filter>dlna</Filter>
    </ClInclude>
    <ClInclude Include="dlna\UpnpServer.h">
      <Filter>dlna</Filter>
    </ClInclude>
    <ClInclude Include="dlna\OnvifDevice.h">
      <Filter>dlna</Filter>
    </ClInclude>
  </ItemGroup>
  <ItemGroup>
    <ResourceCompile Include="QPlayer.rc">
      <Filter>Resource Files</Filter>
    </ResourceCompile>
  </ItemGroup>
  <ItemGroup>
    <Image Include="player.ico">
      <Filter>Resource Files</Filter>
    </Image>
  </ItemGroup>
  <ItemGroup>
    <None Include="skin.zip" />
  </ItemGroup>
</Project>